
Microsoft Visual Studio Solution File, Format Version 12.00
# Visual Studio Version 16
VisualStudioVersion = 16.0.30406.217
MinimumVisualStudioVersion = 10.0.40219.1
Project("{FAE04EC0-301F-11D3-BF4B-00C04F79EFBC}") = "DevBoost.ORM", "DevBoost.ORM\DevBoost.ORM.csproj", "{C714EE80-B93D-4577-B8F7-2E1896F888DA}"
EndProject
Project("{FAE04EC0-301F-11D3-BF4B-00C04F79EFBC}") = "DevBoost.ORM.Data", "DevBoost.ORM.Data\DevBoost.ORM.Data.csproj", "{6EA4DDD6-C9F7-4141-A96D-6AA1A0AEE806}"
EndProject
Project("{FAE04EC0-301F-11D3-BF4B-00C04F79EFBC}") = "DevBoost.ORM.Domain", "DevBoost.ORM.Domain\DevBoost.ORM.Domain.csproj", "{589177AD-9211-4604-AB5C-F289EF64E439}"
EndProject
Global
	GlobalSection(SolutionConfigurationPlatforms) = preSolution
		Debug|Any CPU = Debug|Any CPU
		Release|Any CPU = Release|Any CPU
	EndGlobalSection
	GlobalSection(ProjectConfigurationPlatforms) = postSolution
		{C714EE80-B93D-4577-B8F7-2E1896F888DA}.Debug|Any CPU.ActiveCfg = Debug|Any CPU
		{C714EE80-B93D-4577-B8F7-2E1896F888DA}.Debug|Any CPU.Build.0 = Debug|Any CPU
		{C714EE80-B93D-4577-B8F7-2E1896F888DA}.Release|Any CPU.ActiveCfg = Release|Any CPU
		{C714EE80-B93D-4577-B8F7-2E1896F888DA}.Release|Any CPU.Build.0 = Release|Any CPU
		{6EA4DDD6-C9F7-4141-A96D-6AA1A0AEE806}.Debug|Any CPU.ActiveCfg = Debug|Any CPU
		{6EA4DDD6-C9F7-4141-A96D-6AA1A0AEE806}.Debug|Any CPU.Build.0 = Debug|Any CPU
		{6EA4DDD6-C9F7-4141-A96D-6AA1A0AEE806}.Release|Any CPU.ActiveCfg = Release|Any CPU
		{6EA4DDD6-C9F7-4141-A96D-6AA1A0AEE806}.Release|Any CPU.Build.0 = Release|Any CPU
		{589177AD-9211-4604-AB5C-F289EF64E439}.Debug|Any CPU.ActiveCfg = Debug|Any CPU
		{589177AD-9211-4604-AB5C-F289EF64E439}.Debug|Any CPU.Build.0 = Debug|Any CPU
		{589177AD-9211-4604-AB5C-F289EF64E439}.Release|Any CPU.ActiveCfg = Release|Any CPU
		{589177AD-9211-4604-AB5C-F289EF64E439}.Release|Any CPU.Build.0 = Release|Any CPU
	EndGlobalSection
	GlobalSection(SolutionProperties) = preSolution
		HideSolutionNode = FALSE
	EndGlobalSection
	GlobalSection(ExtensibilityGlobals) = postSolution
		SolutionGuid = {F9CFCBAF-A019-40FE-B423-C34E3FEEADF1}
	EndGlobalSection
EndGlobal
